
Microsoft Visual Studio Solution File, Format Version 12.00
# Visual Studio 14
VisualStudioVersion = 14.0.25123.0
MinimumVisualStudioVersion = 10.0.40219.1
Project("{FAE04EC0-301F-11D3-BF4B-00C04F79EFBC}") = "KinematicViewer", "KinematicViewer\KinematicViewer.csproj", "{F4BAFE66-D661-469C-A2E7-B309B483FFA1}"
EndProject
Project("{FAE04EC0-301F-11D3-BF4B-00C04F79EFBC}") = "MainUI", "MainUI\MainUI.csproj", "{AEEF3CA6-5068-4BFE-AB31-DD51DECDF033}"
	ProjectSection(ProjectDependencies) = postProject
		{F4BAFE66-D661-469C-A2E7-B309B483FFA1} = {F4BAFE66-D661-469C-A2E7-B309B483FFA1}
	EndProjectSection
EndProject
Global
	GlobalSection(SolutionConfigurationPlatforms) = preSolution
		Debug|Any CPU = Debug|Any CPU
		Release|Any CPU = Release|Any CPU
	EndGlobalSection
	GlobalSection(ProjectConfigurationPlatforms) = postSolution
		{F4BAFE66-D661-469C-A2E7-B309B483FFA1}.Debug|Any CPU.ActiveCfg = Debug|Any CPU
		{F4BAFE66-D661-469C-A2E7-B309B483FFA1}.Debug|Any CPU.Build.0 = Debug|Any CPU
		{F4BAFE66-D661-469C-A2E7-B309B483FFA1}.Release|Any CPU.ActiveCfg = Release|Any CPU
		{F4BAFE66-D661-469C-A2E7-B309B483FFA1}.Release|Any CPU.Build.0 = Release|Any CPU
		{AEEF3CA6-5068-4BFE-AB31-DD51DECDF033}.Debug|Any CPU.ActiveCfg = Debug|Any CPU
		{AEEF3CA6-5068-4BFE-AB31-DD51DECDF033}.Debug|Any CPU.Build.0 = Debug|Any CPU
		{AEEF3CA6-5068-4BFE-AB31-DD51DECDF033}.Release|Any CPU.ActiveCfg = Release|Any CPU
		{AEEF3CA6-5068-4BFE-AB31-DD51DECDF033}.Release|Any CPU.Build.0 = Release|Any CPU
	EndGlobalSection
	GlobalSection(SolutionProperties) = preSolution
		HideSolutionNode = FALSE
	EndGlobalSection
EndGlobal
